
Microsoft Visual Studio Solution File, Format Version 12.00
# Visual Studio Version 17
VisualStudioVersion = 17.2.32616.157
MinimumVisualStudioVersion = 10.0.40219.1
Project("{9A19103F-16F7-4668-BE54-9A1E7A4F7556}") = "WamazonDemo", "WamazonDemo\WamazonDemo.csproj", "{3180A2B6-85C4-4705-A1F5-CFD8C880850B}"
EndProject
Project("{FAE04EC0-301F-11D3-BF4B-00C04F79EFBC}") = "WamazonDAL", "WamazonDAL\WamazonDAL.csproj", "{B447FAF7-F802-4B56-8F7A-FCE5867BA5CD}"
EndProject
Global
	GlobalSection(SolutionConfigurationPlatforms) = preSolution
		Debug|Any CPU = Debug|Any CPU
		Release|Any CPU = Release|Any CPU
	EndGlobalSection
	GlobalSection(ProjectConfigurationPlatforms) = postSolution
		{3180A2B6-85C4-4705-A1F5-CFD8C880850B}.Debug|Any CPU.ActiveCfg = Debug|Any CPU
		{3180A2B6-85C4-4705-A1F5-CFD8C880850B}.Debug|Any CPU.Build.0 = Debug|Any CPU
		{3180A2B6-85C4-4705-A1F5-CFD8C880850B}.Release|Any CPU.ActiveCfg = Release|Any CPU
		{3180A2B6-85C4-4705-A1F5-CFD8C880850B}.Release|Any CPU.Build.0 = Release|Any CPU
		{B447FAF7-F802-4B56-8F7A-FCE5867BA5CD}.Debug|Any CPU.ActiveCfg = Debug|Any CPU
		{B447FAF7-F802-4B56-8F7A-FCE5867BA5CD}.Debug|Any CPU.Build.0 = Debug|Any CPU
		{B447FAF7-F802-4B56-8F7A-FCE5867BA5CD}.Release|Any CPU.ActiveCfg = Release|Any CPU
		{B447FAF7-F802-4B56-8F7A-FCE5867BA5CD}.Release|Any CPU.Build.0 = Release|Any CPU
	EndGlobalSection
	GlobalSection(SolutionProperties) = preSolution
		HideSolutionNode = FALSE
	EndGlobalSection
	GlobalSection(ExtensibilityGlobals) = postSolution
		SolutionGuid = {5440EB0B-B3FE-44F5-BAD8-619D04D47538}
	EndGlobalSection
EndGlobal
